
Microsoft Visual Studio Solution File, Format Version 12.00
# Visual Studio 14
VisualStudioVersion = 14.0.25123.0
MinimumVisualStudioVersion = 10.0.40219.1
Project("{8BC9CEB8-8B4A-11D0-8D11-00A0C91BC942}") = "LED_Dimmer_PushButton", "LED_Dimmer_PushButton.vcxproj", "{C5F80730-F44F-4478-BDAE-6634EFC2CA88}"
EndProject
Project("{8BC9CEB8-8B4A-11D0-8D11-00A0C91BC942}") = "Dimmer test", "..\..\..\Arduino\Dimmer test\Dimmer test.vcxproj", "{1289BDCE-9903-4E19-93D0-7A63BDA6713D}"
EndProject
Project("{8BC9CEB8-8B4A-11D0-8D11-00A0C91BC942}") = "button Test", "..\..\..\Arduino\button Test\button Test.vcxproj", "{E9C67242-5D56-4D25-B544-4BB880E20D82}"
EndProject
Global
	GlobalSection(SolutionConfigurationPlatforms) = preSolution
		Debug|x86 = Debug|x86
		Release|x86 = Release|x86
	EndGlobalSection
	GlobalSection(ProjectConfigurationPlatforms) = postSolution
		{C5F80730-F44F-4478-BDAE-6634EFC2CA88}.Debug|x86.ActiveCfg = Debug|Win32
		{C5F80730-F44F-4478-BDAE-6634EFC2CA88}.Debug|x86.Build.0 = Debug|Win32
		{C5F80730-F44F-4478-BDAE-6634EFC2CA88}.Release|x86.ActiveCfg = Release|Win32
		{C5F80730-F44F-4478-BDAE-6634EFC2CA88}.Release|x86.Build.0 = Release|Win32
		{1289BDCE-9903-4E19-93D0-7A63BDA6713D}.Debug|x86.ActiveCfg = Debug|Win32
		{1289BDCE-9903-4E19-93D0-7A63BDA6713D}.Debug|x86.Build.0 = Debug|Win32
		{1289BDCE-9903-4E19-93D0-7A63BDA6713D}.Release|x86.ActiveCfg = Release|Win32
		{1289BDCE-9903-4E19-93D0-7A63BDA6713D}.Release|x86.Build.0 = Release|Win32
		{E9C67242-5D56-4D25-B544-4BB880E20D82}.Debug|x86.ActiveCfg = Debug|Win32
		{E9C67242-5D56-4D25-B544-4BB880E20D82}.Debug|x86.Build.0 = Debug|Win32
		{E9C67242-5D56-4D25-B544-4BB880E20D82}.Release|x86.ActiveCfg = Release|Win32
		{E9C67242-5D56-4D25-B544-4BB880E20D82}.Release|x86.Build.0 = Release|Win32
	EndGlobalSection
	GlobalSection(SolutionProperties) = preSolution
		HideSolutionNode = FALSE
	EndGlobalSection
EndGlobal
